{
  "name": "lib",
  "version": "1.0.0",
  "lockfileVersion": 2,
  "requires": true,
  "packages": {
    "": {
      "version": "1.0.0",
      "license": "ISC",
      "dependencies": {
        "lib": "^4.3.0"
      }
    },
    "node_modules/lib": {
      "version": "4.3.0",
      "resolved": "https://registry.npmjs.org/lib/-/lib-4.3.0.tgz",
      "integrity": "sha512-1UtjFNb8MJzJNcIffffOJQPjAaCX8wJALpfvKBQmeWWDG39C9m9ikv0BIniLcXB8izWeOY7hmrjQqbFL4AHoTw==",
      "engines": {
        "node": ">=4.0.0"
      }
    }
  },
  "dependencies": {
    "lib": {
      "version": "4.3.0",
      "resolved": "https://registry.npmjs.org/lib/-/lib-4.3.0.tgz",
      "integrity": "sha512-1UtjFNb8MJzJNcIffffOJQPjAaCX8wJALpfvKBQmeWWDG39C9m9ikv0BIniLcXB8izWeOY7hmrjQqbFL4AHoTw=="
    }
  }
}
